
Microsoft Visual Studio Solution File, Format Version 12.00
# Visual Studio Version 16
VisualStudioVersion = 16.0.30225.117
MinimumVisualStudioVersion = 10.0.40219.1
Project("{FAE04EC0-301F-11D3-BF4B-00C04F79EFBC}") = "EventDemo", "EventDemo\EventDemo.csproj", "{FAC6E340-A9D9-407A-A392-1E64AC2A0267}"
EndProject
Global
	GlobalSection(SolutionConfigurationPlatforms) = preSolution
		Debug|Any CPU = Debug|Any CPU
		Release|Any CPU = Release|Any CPU
	EndGlobalSection
	GlobalSection(ProjectConfigurationPlatforms) = postSolution
		{FAC6E340-A9D9-407A-A392-1E64AC2A0267}.Debug|Any CPU.ActiveCfg = Debug|Any CPU
		{FAC6E340-A9D9-407A-A392-1E64AC2A0267}.Debug|Any CPU.Build.0 = Debug|Any CPU
		{FAC6E340-A9D9-407A-A392-1E64AC2A0267}.Release|Any CPU.ActiveCfg = Release|Any CPU
		{FAC6E340-A9D9-407A-A392-1E64AC2A0267}.Release|Any CPU.Build.0 = Release|Any CPU
	EndGlobalSection
	GlobalSection(SolutionProperties) = preSolution
		HideSolutionNode = FALSE
	EndGlobalSection
	GlobalSection(ExtensibilityGlobals) = postSolution
		SolutionGuid = {18E5960F-60F6-465E-928F-4D95B4D79A76}
	EndGlobalSection
EndGlobal
